
Microsoft Visual Studio Solution File, Format Version 12.00
# Visual Studio 15
VisualStudioVersion = 15.0.27004.2002
MinimumVisualStudioVersion = 10.0.40219.1
Project("{9A19103F-16F7-4668-BE54-9A1E7A4F7556}") = "IdeaWeb", "IdeaWeb\IdeaWeb.csproj", "{DDD859DA-2816-44E4-A6B1-D83271B62905}"
EndProject
Project("{9A19103F-16F7-4668-BE54-9A1E7A4F7556}") = "IdeaWeb.Test", "IdeaWeb.Test\IdeaWeb.Test.csproj", "{EDEE7DC7-A440-4957-A214-85C6B725277B}"
EndProject
Project("{9A19103F-16F7-4668-BE54-9A1E7A4F7556}") = "IdeaWeb.Integration.Tests", "IdeaWeb.Integration.Tests\IdeaWeb.Integration.Tests.csproj", "{FF196210-B8AB-461A-8834-8FF1FB25DED6}"
EndProject
Project("{2150E333-8FDC-42A3-9474-1A3956D46DE8}") = "Solution Items", "Solution Items", "{0F290669-BE16-456F-841D-AC0BE9202ADA}"
	ProjectSection(SolutionItems) = preProject
		.editorconfig = .editorconfig
		global.json = global.json
	EndProjectSection
EndProject
Global
	GlobalSection(SolutionConfigurationPlatforms) = preSolution
		Debug|Any CPU = Debug|Any CPU
		Release|Any CPU = Release|Any CPU
	EndGlobalSection
	GlobalSection(ProjectConfigurationPlatforms) = postSolution
		{DDD859DA-2816-44E4-A6B1-D83271B62905}.Debug|Any CPU.ActiveCfg = Debug|Any CPU
		{DDD859DA-2816-44E4-A6B1-D83271B62905}.Debug|Any CPU.Build.0 = Debug|Any CPU
		{DDD859DA-2816-44E4-A6B1-D83271B62905}.Release|Any CPU.ActiveCfg = Release|Any CPU
		{DDD859DA-2816-44E4-A6B1-D83271B62905}.Release|Any CPU.Build.0 = Release|Any CPU
		{EDEE7DC7-A440-4957-A214-85C6B725277B}.Debug|Any CPU.ActiveCfg = Debug|Any CPU
		{EDEE7DC7-A440-4957-A214-85C6B725277B}.Debug|Any CPU.Build.0 = Debug|Any CPU
		{EDEE7DC7-A440-4957-A214-85C6B725277B}.Release|Any CPU.ActiveCfg = Release|Any CPU
		{EDEE7DC7-A440-4957-A214-85C6B725277B}.Release|Any CPU.Build.0 = Release|Any CPU
		{FF196210-B8AB-461A-8834-8FF1FB25DED6}.Debug|Any CPU.ActiveCfg = Debug|Any CPU
		{FF196210-B8AB-461A-8834-8FF1FB25DED6}.Debug|Any CPU.Build.0 = Debug|Any CPU
		{FF196210-B8AB-461A-8834-8FF1FB25DED6}.Release|Any CPU.ActiveCfg = Release|Any CPU
		{FF196210-B8AB-461A-8834-8FF1FB25DED6}.Release|Any CPU.Build.0 = Release|Any CPU
	EndGlobalSection
	GlobalSection(SolutionProperties) = preSolution
		HideSolutionNode = FALSE
	EndGlobalSection
	GlobalSection(ExtensibilityGlobals) = postSolution
		SolutionGuid = {9AD67A4A-3FA8-4D6C-B309-D3C8317D3669}
	EndGlobalSection
EndGlobal
